
Microsoft Visual Studio Solution File, Format Version 12.00
# Visual Studio 14
VisualStudioVersion = 14.0.23107.0
MinimumVisualStudioVersion = 10.0.40219.1
Project("{FAE04EC0-301F-11D3-BF4B-00C04F79EFBC}") = "ConsoleApplication1", "ConsoleApplication1\ConsoleApplication1.csproj", "{875A234C-90B9-4B26-8089-CCC64F4BD01C}"
EndProject
Global
	GlobalSection(SolutionConfigurationPlatforms) = preSolution
		Debug|Any CPU = Debug|Any CPU
		Release|Any CPU = Release|Any CPU
	EndGlobalSection
	GlobalSection(ProjectConfigurationPlatforms) = postSolution
		{875A234C-90B9-4B26-8089-CCC64F4BD01C}.Debug|Any CPU.ActiveCfg = Debug|Any CPU
		{875A234C-90B9-4B26-8089-CCC64F4BD01C}.Debug|Any CPU.Build.0 = Debug|Any CPU
		{875A234C-90B9-4B26-8089-CCC64F4BD01C}.Release|Any CPU.ActiveCfg = Release|Any CPU
		{875A234C-90B9-4B26-8089-CCC64F4BD01C}.Release|Any CPU.Build.0 = Release|Any CPU
	EndGlobalSection
	GlobalSection(SolutionProperties) = preSolution
		HideSolutionNode = FALSE
	EndGlobalSection
EndGlobal
