
Microsoft Visual Studio Solution File, Format Version 12.00
# Visual Studio 14
VisualStudioVersion = 14.0.23107.0
MinimumVisualStudioVersion = 10.0.40219.1
Project("{FAE04EC0-301F-11D3-BF4B-00C04F79EFBC}") = "TournyManager", "TournyManager\TournyManager.csproj", "{F450377B-43D0-43F6-9F89-3FF541745970}"
EndProject
Global
	GlobalSection(SolutionConfigurationPlatforms) = preSolution
		Debug|Any CPU = Debug|Any CPU
		Release|Any CPU = Release|Any CPU
	EndGlobalSection
	GlobalSection(ProjectConfigurationPlatforms) = postSolution
		{F450377B-43D0-43F6-9F89-3FF541745970}.Debug|Any CPU.ActiveCfg = Debug|Any CPU
		{F450377B-43D0-43F6-9F89-3FF541745970}.Debug|Any CPU.Build.0 = Debug|Any CPU
		{F450377B-43D0-43F6-9F89-3FF541745970}.Release|Any CPU.ActiveCfg = Release|Any CPU
		{F450377B-43D0-43F6-9F89-3FF541745970}.Release|Any CPU.Build.0 = Release|Any CPU
	EndGlobalSection
	GlobalSection(SolutionProperties) = preSolution
		HideSolutionNode = FALSE
	EndGlobalSection
EndGlobal
